// !$*UTF8*$!
{
	archiveVersion = 1;
	classes = {
	};
	objectVersion = 50;
	objects = {

/* Begin PBXBuildFile section */
		C915544221E162A10075B725 /* AgeModel.swift in Sources */ = {isa = PBXBuildFile; fileRef = C915544121E162A10075B725 /* AgeModel.swift */; };
		C915544921E2D1540075B725 /* NotificationCenter.framework in Frameworks */ = {isa = PBXBuildFile; fileRef = C915544821E2D1540075B725 /* NotificationCenter.framework */; };
		C915544C21E2D1540075B725 /* TodayViewController.swift in Sources */ = {isa = PBXBuildFile; fileRef = C915544B21E2D1540075B725 /* TodayViewController.swift */; };
		C915544F21E2D1540075B725 /* MainInterface.storyboard in Resources */ = {isa = PBXBuildFile; fileRef = C915544D21E2D1540075B725 /* MainInterface.storyboard */; };
		C915545321E2D1540075B725 /* Weeker Widget.appex in Embed App Extensions */ = {isa = PBXBuildFile; fileRef = C915544721E2D1540075B725 /* Weeker Widget.appex */; settings = {ATTRIBUTES = (RemoveHeadersOnCopy, ); }; };
		C915545821E2DB730075B725 /* AgeModel.swift in Sources */ = {isa = PBXBuildFile; fileRef = C915544121E162A10075B725 /* AgeModel.swift */; };
		C91E775221B20DED00D2C16C /* DOBViewController.swift in Sources */ = {isa = PBXBuildFile; fileRef = C91E775121B20DED00D2C16C /* DOBViewController.swift */; };
		C91E776921B21FE700D2C16C /* README.md in Resources */ = {isa = PBXBuildFile; fileRef = C91E776821B21FE700D2C16C /* README.md */; };
		C9592C2821AC7E390077747F /* AppDelegate.swift in Sources */ = {isa = PBXBuildFile; fileRef = C9592C2721AC7E390077747F /* AppDelegate.swift */; };
		C9592C2A21AC7E390077747F /* LabelAndGridViewController.swift in Sources */ = {isa = PBXBuildFile; fileRef = C9592C2921AC7E390077747F /* LabelAndGridViewController.swift */; };
		C9592C2D21AC7E390077747F /* Main.storyboard in Resources */ = {isa = PBXBuildFile; fileRef = C9592C2B21AC7E390077747F /* Main.storyboard */; };
		C9592C2F21AC7E3B0077747F /* Assets.xcassets in Resources */ = {isa = PBXBuildFile; fileRef = C9592C2E21AC7E3B0077747F /* Assets.xcassets */; };
		C9592C3221AC7E3B0077747F /* LaunchScreen.storyboard in Resources */ = {isa = PBXBuildFile; fileRef = C9592C3021AC7E3B0077747F /* LaunchScreen.storyboard */; };
		C976D1F121DD5FBC0039428E /* TransitionViewController.swift in Sources */ = {isa = PBXBuildFile; fileRef = C976D1F021DD5FBC0039428E /* TransitionViewController.swift */; };
		F7D5B9EE97C59607BE602E7E /* Pods_Weeker.framework in Frameworks */ = {isa = PBXBuildFile; fileRef = EE9FB097F6799D94794E48DE /* Pods_Weeker.framework */; };
/* End PBXBuildFile section */

/* Begin PBXContainerItemProxy section */
		C915545121E2D1540075B725 /* PBXContainerItemProxy */ = {
			isa = PBXContainerItemProxy;
			containerPortal = C9592C1C21AC7E390077747F /* Project object */;
			proxyType = 1;
			remoteGlobalIDString = C915544621E2D1540075B725;
			remoteInfo = "Weeker Widget";
		};
/* End PBXContainerItemProxy section */

/* Begin PBXCopyFilesBuildPhase section */
		C915545721E2D1540075B725 /* Embed App Extensions */ = {
			isa = PBXCopyFilesBuildPhase;
			buildActionMask = 2147483647;
			dstPath = "";
			dstSubfolderSpec = 13;
			files = (
				C915545321E2D1540075B725 /* Weeker Widget.appex in Embed App Extensions */,
			);
			name = "Embed App Extensions";
			runOnlyForDeploymentPostprocessing = 0;
		};
/* End PBXCopyFilesBuildPhase section */

/* Begin PBXFileReference section */
		425E31406F98DC7A9B9AFF40 /* Pods-Weeker.release.xcconfig */ = {isa = PBXFileReference; includeInIndex = 1; lastKnownFileType = text.xcconfig; name = "Pods-Weeker.release.xcconfig"; path = "Pods/Target Support Files/Pods-Weeker/Pods-Weeker.release.xcconfig"; sourceTree = "<group>"; };
		C915544121E162A10075B725 /* AgeModel.swift */ = {isa = PBXFileReference; lastKnownFileType = sourcecode.swift; path = AgeModel.swift; sourceTree = "<group>"; };
		C915544721E2D1540075B725 /* Weeker Widget.appex */ = {isa = PBXFileReference; explicitFileType = "wrapper.app-extension"; includeInIndex = 0; path = "Weeker Widget.appex"; sourceTree = BUILT_PRODUCTS_DIR; };
		C915544821E2D1540075B725 /* NotificationCenter.framework */ = {isa = PBXFileReference; lastKnownFileType = wrapper.framework; name = NotificationCenter.framework; path = System/Library/Frameworks/NotificationCenter.framework; sourceTree = SDKROOT; };
		C915544B21E2D1540075B725 /* TodayViewController.swift */ = {isa = PBXFileReference; lastKnownFileType = sourcecode.swift; path = TodayViewController.swift; sourceTree = "<group>"; };
		C915544E21E2D1540075B725 /* Base */ = {isa = PBXFileReference; lastKnownFileType = file.storyboard; name = Base; path = Base.lproj/MainInterface.storyboard; sourceTree = "<group>"; };
		C915545021E2D1540075B725 /* Info.plist */ = {isa = PBXFileReference; lastKnownFileType = text.plist.xml; path = Info.plist; sourceTree = "<group>"; };
		C915545921E2DCCF0075B725 /* Weeker.entitlements */ = {isa = PBXFileReference; lastKnownFileType = text.plist.entitlements; path = Weeker.entitlements; sourceTree = "<group>"; };
		C915545A21E2DCDE0075B725 /* Weeker Widget.entitlements */ = {isa = PBXFileReference; lastKnownFileType = text.plist.entitlements; path = "Weeker Widget.entitlements"; sourceTree = "<group>"; };
		C91E775121B20DED00D2C16C /* DOBViewController.swift */ = {isa = PBXFileReference; lastKnownFileType = sourcecode.swift; path = DOBViewController.swift; sourceTree = "<group>"; };
		C91E776821B21FE700D2C16C /* README.md */ = {isa = PBXFileReference; fileEncoding = 4; lastKnownFileType = net.daringfireball.markdown; path = README.md; sourceTree = "<group>"; };
		C9592C2421AC7E390077747F /* Weeker.app */ = {isa = PBXFileReference; explicitFileType = wrapper.application; includeInIndex = 0; path = Weeker.app; sourceTree = BUILT_PRODUCTS_DIR; };
		C9592C2721AC7E390077747F /* AppDelegate.swift */ = {isa = PBXFileReference; lastKnownFileType = sourcecode.swift; path = AppDelegate.swift; sourceTree = "<group>"; };
		C9592C2921AC7E390077747F /* LabelAndGridViewController.swift */ = {isa = PBXFileReference; lastKnownFileType = sourcecode.swift; path = LabelAndGridViewController.swift; sourceTree = "<group>"; };
		C9592C2C21AC7E390077747F /* Base */ = {isa = PBXFileReference; lastKnownFileType = file.storyboard; name = Base; path = Base.lproj/Main.storyboard; sourceTree = "<group>"; };
		C9592C2E21AC7E3B0077747F /* Assets.xcassets */ = {isa = PBXFileReference; lastKnownFileType = folder.assetcatalog; path = Assets.xcassets; sourceTree = "<group>"; };
		C9592C3121AC7E3B0077747F /* Base */ = {isa = PBXFileReference; lastKnownFileType = file.storyboard; name = Base; path = Base.lproj/LaunchScreen.storyboard; sourceTree = "<group>"; };
		C9592C3321AC7E3B0077747F /* Info.plist */ = {isa = PBXFileReference; lastKnownFileType = text.plist.xml; path = Info.plist; sourceTree = "<group>"; };
		C976D1F021DD5FBC0039428E /* TransitionViewController.swift */ = {isa = PBXFileReference; lastKnownFileType = sourcecode.swift; path = TransitionViewController.swift; sourceTree = "<group>"; };
		D61F78B3CCD5AE4F51F7BEFB /* Pods-Weeker.debug.xcconfig */ = {isa = PBXFileReference; includeInIndex = 1; lastKnownFileType = text.xcconfig; name = "Pods-Weeker.debug.xcconfig"; path = "Pods/Target Support Files/Pods-Weeker/Pods-Weeker.debug.xcconfig"; sourceTree = "<group>"; };
		EE9FB097F6799D94794E48DE /* Pods_Weeker.framework */ = {isa = PBXFileReference; explicitFileType = wrapper.framework; includeInIndex = 0; path = Pods_Weeker.framework; sourceTree = BUILT_PRODUCTS_DIR; };
/* End PBXFileReference section */

/* Begin PBXFrameworksBuildPhase section */
		C915544421E2D1540075B725 /* Frameworks */ = {
			isa = PBXFrameworksBuildPhase;
			buildActionMask = 2147483647;
			files = (
				C915544921E2D1540075B725 /* NotificationCenter.framework in Frameworks */,
			);
			runOnlyForDeploymentPostprocessing = 0;
		};
		C9592C2121AC7E390077747F /* Frameworks */ = {
			isa = PBXFrameworksBuildPhase;
			buildActionMask = 2147483647;
			files = (
				F7D5B9EE97C59607BE602E7E /* Pods_Weeker.framework in Frameworks */,
			);
			runOnlyForDeploymentPostprocessing = 0;
		};
/* End PBXFrameworksBuildPhase section */

/* Begin PBXGroup section */
		4A8B2699C99C605850FF38C4 /* Pods */ = {
			isa = PBXGroup;
			children = (
				D61F78B3CCD5AE4F51F7BEFB /* Pods-Weeker.debug.xcconfig */,
				425E31406F98DC7A9B9AFF40 /* Pods-Weeker.release.xcconfig */,
			);
			name = Pods;
			sourceTree = "<group>";
		};
		6FA57F65BDD43BB68094D418 /* Frameworks */ = {
			isa = PBXGroup;
			children = (
				EE9FB097F6799D94794E48DE /* Pods_Weeker.framework */,
				C915544821E2D1540075B725 /* NotificationCenter.framework */,
			);
			name = Frameworks;
			sourceTree = "<group>";
		};
		C915544021E162350075B725 /* Views */ = {
			isa = PBXGroup;
			children = (
				C9592C2921AC7E390077747F /* LabelAndGridViewController.swift */,
				C91E775121B20DED00D2C16C /* DOBViewController.swift */,
				C976D1F021DD5FBC0039428E /* TransitionViewController.swift */,
			);
			path = Views;
			sourceTree = "<group>";
		};
		C915544A21E2D1540075B725 /* Weeker */ = {
			isa = PBXGroup;
			children = (
				C915545A21E2DCDE0075B725 /* Weeker Widget.entitlements */,
				C915544B21E2D1540075B725 /* TodayViewController.swift */,
				C915544D21E2D1540075B725 /* MainInterface.storyboard */,
				C915545021E2D1540075B725 /* Info.plist */,
			);
			name = Weeker;
			path = "Weeker Widget";
			sourceTree = "<group>";
		};
		C9592C1B21AC7E390077747F = {
			isa = PBXGroup;
			children = (
				C91E776821B21FE700D2C16C /* README.md */,
				C9592C2621AC7E390077747F /* Weeker */,
				C915544A21E2D1540075B725 /* Weeker */,
				C9592C2521AC7E390077747F /* Products */,
				4A8B2699C99C605850FF38C4 /* Pods */,
				6FA57F65BDD43BB68094D418 /* Frameworks */,
			);
			sourceTree = "<group>";
		};
		C9592C2521AC7E390077747F /* Products */ = {
			isa = PBXGroup;
			children = (
				C9592C2421AC7E390077747F /* Weeker.app */,
				C915544721E2D1540075B725 /* Weeker Widget.appex */,
			);
			name = Products;
			sourceTree = "<group>";
		};
		C9592C2621AC7E390077747F /* Weeker */ = {
			isa = PBXGroup;
			children = (
				C915545921E2DCCF0075B725 /* Weeker.entitlements */,
				C9592C2721AC7E390077747F /* AppDelegate.swift */,
				C915544121E162A10075B725 /* AgeModel.swift */,
				C915544021E162350075B725 /* Views */,
				C9592C2B21AC7E390077747F /* Main.storyboard */,
				C9592C2E21AC7E3B0077747F /* Assets.xcassets */,
				C9592C3021AC7E3B0077747F /* LaunchScreen.storyboard */,
				C9592C3321AC7E3B0077747F /* Info.plist */,
			);
			path = Weeker;
			sourceTree = "<group>";
		};
/* End PBXGroup section */

/* Begin PBXNativeTarget section */
		C915544621E2D1540075B725 /* Weeker Widget */ = {
			isa = PBXNativeTarget;
			buildConfigurationList = C915545421E2D1540075B725 /* Build configuration list for PBXNativeTarget "Weeker Widget" */;
			buildPhases = (
				C915544321E2D1540075B725 /* Sources */,
				C915544421E2D1540075B725 /* Frameworks */,
				C915544521E2D1540075B725 /* Resources */,
			);
			buildRules = (
			);
			dependencies = (
			);
			name = "Weeker Widget";
			productName = "Weeker Widget";
			productReference = C915544721E2D1540075B725 /* Weeker Widget.appex */;
			productType = "com.apple.product-type.app-extension";
		};
		C9592C2321AC7E390077747F /* Weeker */ = {
			isa = PBXNativeTarget;
			buildConfigurationList = C9592C3621AC7E3B0077747F /* Build configuration list for PBXNativeTarget "Weeker" */;
			buildPhases = (
				72B15F2A2A74660D5EBC9490 /* [CP] Check Pods Manifest.lock */,
				C9592C2021AC7E390077747F /* Sources */,
				C9592C2121AC7E390077747F /* Frameworks */,
				C9592C2221AC7E390077747F /* Resources */,
				2D6D6A96D1A345A7C07ABCCE /* [CP] Embed Pods Frameworks */,
				C915545721E2D1540075B725 /* Embed App Extensions */,
			);
			buildRules = (
			);
			dependencies = (
				C915545221E2D1540075B725 /* PBXTargetDependency */,
			);
			name = Weeker;
			productName = Weeker;
			productReference = C9592C2421AC7E390077747F /* Weeker.app */;
			productType = "com.apple.product-type.application";
		};
/* End PBXNativeTarget section */

/* Begin PBXProject section */
		C9592C1C21AC7E390077747F /* Project object */ = {
			isa = PBXProject;
			attributes = {
				LastSwiftUpdateCheck = 1010;
				LastUpgradeCheck = 1010;
				ORGANIZATIONNAME = "Caleb Elson";
				TargetAttributes = {
					C915544621E2D1540075B725 = {
						CreatedOnToolsVersion = 10.1;
						LastSwiftMigration = 1020;
						SystemCapabilities = {
							com.apple.ApplicationGroups.iOS = {
								enabled = 1;
							};
						};
					};
					C9592C2321AC7E390077747F = {
						CreatedOnToolsVersion = 10.1;
						LastSwiftMigration = 1020;
						SystemCapabilities = {
							com.apple.ApplicationGroups.iOS = {
								enabled = 1;
							};
						};
					};
				};
			};
			buildConfigurationList = C9592C1F21AC7E390077747F /* Build configuration list for PBXProject "Weeker" */;
			compatibilityVersion = "Xcode 9.3";
			developmentRegion = en;
			hasScannedForEncodings = 0;
			knownRegions = (
				en,
				Base,
			);
			mainGroup = C9592C1B21AC7E390077747F;
			productRefGroup = C9592C2521AC7E390077747F /* Products */;
			projectDirPath = "";
			projectRoot = "";
			targets = (
				C9592C2321AC7E390077747F /* Weeker */,
				C915544621E2D1540075B725 /* Weeker Widget */,
			);
		};
/* End PBXProject section */

/* Begin PBXResourcesBuildPhase section */
		C915544521E2D1540075B725 /* Resources */ = {
			isa = PBXResourcesBuildPhase;
			buildActionMask = 2147483647;
			files = (
				C915544F21E2D1540075B725 /* MainInterface.storyboard in Resources */,
			);
			runOnlyForDeploymentPostprocessing = 0;
		};
		C9592C2221AC7E390077747F /* Resources */ = {
			isa = PBXResourcesBuildPhase;
			buildActionMask = 2147483647;
			files = (
				C9592C3221AC7E3B0077747F /* LaunchScreen.storyboard in Resources */,
				C9592C2F21AC7E3B0077747F /* Assets.xcassets in Resources */,
				C91E776921B21FE700D2C16C /* README.md in Resources */,
				C9592C2D21AC7E390077747F /* Main.storyboard in Resources */,
			);
			runOnlyForDeploymentPostprocessing = 0;
		};
/* End PBXResourcesBuildPhase section */

/* Begin PBXShellScriptBuildPhase section */
		2D6D6A96D1A345A7C07ABCCE /* [CP] Embed Pods Frameworks */ = {
			isa = PBXShellScriptBuildPhase;
			buildActionMask = 2147483647;
			files = (
			);
			inputFileListPaths = (
			);
			inputPaths = (
				"${SRCROOT}/Pods/Target Support Files/Pods-Weeker/Pods-Weeker-frameworks.sh",
				"${BUILT_PRODUCTS_DIR}/SVProgressHUD/SVProgressHUD.framework",
			);
			name = "[CP] Embed Pods Frameworks";
			outputFileListPaths = (
			);
			outputPaths = (
				"${TARGET_BUILD_DIR}/${FRAMEWORKS_FOLDER_PATH}/SVProgressHUD.framework",
			);
			runOnlyForDeploymentPostprocessing = 0;
			shellPath = /bin/sh;
			shellScript = "\"${SRCROOT}/Pods/Target Support Files/Pods-Weeker/Pods-Weeker-frameworks.sh\"\n";
			showEnvVarsInLog = 0;
		};
		72B15F2A2A74660D5EBC9490 /* [CP] Check Pods Manifest.lock */ = {
			isa = PBXShellScriptBuildPhase;
			buildActionMask = 2147483647;
			files = (
			);
			inputFileListPaths = (
			);
			inputPaths = (
				"${PODS_PODFILE_DIR_PATH}/Podfile.lock",
				"${PODS_ROOT}/Manifest.lock",
			);
			name = "[CP] Check Pods Manifest.lock";
			outputFileListPaths = (
			);
			outputPaths = (
				"$(DERIVED_FILE_DIR)/Pods-Weeker-checkManifestLockResult.txt",
			);
			runOnlyForDeploymentPostprocessing = 0;
			shellPath = /bin/sh;
			shellScript = "diff \"${PODS_PODFILE_DIR_PATH}/Podfile.lock\" \"${PODS_ROOT}/Manifest.lock\" > /dev/null\nif [ $? != 0 ] ; then\n    # print error to STDERR\n    echo \"error: The sandbox is not in sync with the Podfile.lock. Run 'pod install' or update your CocoaPods installation.\" >&2\n    exit 1\nfi\n# This output is used by Xcode 'outputs' to avoid re-running this script phase.\necho \"SUCCESS\" > \"${SCRIPT_OUTPUT_FILE_0}\"\n";
			showEnvVarsInLog = 0;
		};
/* End PBXShellScriptBuildPhase section */

/* Begin PBXSourcesBuildPhase section */
		C915544321E2D1540075B725 /* Sources */ = {
			isa = PBXSourcesBuildPhase;
			buildActionMask = 2147483647;
			files = (
				C915544C21E2D1540075B725 /* TodayViewController.swift in Sources */,
				C915545821E2DB730075B725 /* AgeModel.swift in Sources */,
			);
			runOnlyForDeploymentPostprocessing = 0;
		};
		C9592C2021AC7E390077747F /* Sources */ = {
			isa = PBXSourcesBuildPhase;
			buildActionMask = 2147483647;
			files = (
				C9592C2A21AC7E390077747F /* LabelAndGridViewController.swift in Sources */,
				C9592C2821AC7E390077747F /* AppDelegate.swift in Sources */,
				C91E775221B20DED00D2C16C /* DOBViewController.swift in Sources */,
				C915544221E162A10075B725 /* AgeModel.swift in Sources */,
				C976D1F121DD5FBC0039428E /* TransitionViewController.swift in Sources */,
			);
			runOnlyForDeploymentPostprocessing = 0;
		};
/* End PBXSourcesBuildPhase section */

/* Begin PBXTargetDependency section */
		C915545221E2D1540075B725 /* PBXTargetDependency */ = {
			isa = PBXTargetDependency;
			target = C915544621E2D1540075B725 /* Weeker Widget */;
			targetProxy = C915545121E2D1540075B725 /* PBXContainerItemProxy */;
		};
/* End PBXTargetDependency section */

/* Begin PBXVariantGroup section */
		C915544D21E2D1540075B725 /* MainInterface.storyboard */ = {
			isa = PBXVariantGroup;
			children = (
				C915544E21E2D1540075B725 /* Base */,
			);
			name = MainInterface.storyboard;
			sourceTree = "<group>";
		};
		C9592C2B21AC7E390077747F /* Main.storyboard */ = {
			isa = PBXVariantGroup;
			children = (
				C9592C2C21AC7E390077747F /* Base */,
			);
			name = Main.storyboard;
			sourceTree = "<group>";
		};
		C9592C3021AC7E3B0077747F /* LaunchScreen.storyboard */ = {
			isa = PBXVariantGroup;
			children = (
				C9592C3121AC7E3B0077747F /* Base */,
			);
			name = LaunchScreen.storyboard;
			sourceTree = "<group>";
		};
/* End PBXVariantGroup section */

/* Begin XCBuildConfiguration section */
		C915545521E2D1540075B725 /* Debug */ = {
			isa = XCBuildConfiguration;
			buildSettings = {
				CODE_SIGN_ENTITLEMENTS = "Weeker Widget/Weeker Widget.entitlements";
				CODE_SIGN_STYLE = Automatic;
				DEVELOPMENT_TEAM = 877B3XVSF5;
				INFOPLIST_FILE = "Weeker Widget/Info.plist";
				LD_RUNPATH_SEARCH_PATHS = (
					"$(inherited)",
					"@executable_path/Frameworks",
					"@executable_path/../../Frameworks",
				);
				PRODUCT_BUNDLE_IDENTIFIER = "calebElson.Weeker.Weeker-Widget";
				PRODUCT_NAME = "$(TARGET_NAME)";
				SKIP_INSTALL = YES;
				SWIFT_VERSION = 5.0;
				TARGETED_DEVICE_FAMILY = "1,2";
			};
			name = Debug;
		};
		C915545621E2D1540075B725 /* Release */ = {
			isa = XCBuildConfiguration;
			buildSettings = {
				CODE_SIGN_ENTITLEMENTS = "Weeker Widget/Weeker Widget.entitlements";
				CODE_SIGN_STYLE = Automatic;
				DEVELOPMENT_TEAM = 877B3XVSF5;
				INFOPLIST_FILE = "Weeker Widget/Info.plist";
				LD_RUNPATH_SEARCH_PATHS = (
					"$(inherited)",
					"@executable_path/Frameworks",
					"@executable_path/../../Frameworks",
				);
				PRODUCT_BUNDLE_IDENTIFIER = "calebElson.Weeker.Weeker-Widget";
				PRODUCT_NAME = "$(TARGET_NAME)";
				SKIP_INSTALL = YES;
				SWIFT_VERSION = 5.0;
				TARGETED_DEVICE_FAMILY = "1,2";
			};
			name = Release;
		};
		C9592C3421AC7E3B0077747F /* Debug */ = {
			isa = XCBuildConfiguration;
			buildSettings = {
				ALWAYS_SEARCH_USER_PATHS = NO;
				CLANG_ANALYZER_NONNULL = YES;
				CLANG_ANALYZER_NUMBER_OBJECT_CONVERSION = YES_AGGRESSIVE;
				CLANG_CXX_LANGUAGE_STANDARD = "gnu++14";
				CLANG_CXX_LIBRARY = "libc++";
				CLANG_ENABLE_MODULES = YES;
				CLANG_ENABLE_OBJC_ARC = YES;
				CLANG_ENABLE_OBJC_WEAK = YES;
				CLANG_WARN_BLOCK_CAPTURE_AUTORELEASING = YES;
				CLANG_WARN_BOOL_CONVERSION = YES;
				CLANG_WARN_COMMA = YES;
				CLANG_WARN_CONSTANT_CONVERSION = YES;
				CLANG_WARN_DEPRECATED_OBJC_IMPLEMENTATIONS = YES;
				CLANG_WARN_DIRECT_OBJC_ISA_USAGE = YES_ERROR;
				CLANG_WARN_DOCUMENTATION_COMMENTS = YES;
				CLANG_WARN_EMPTY_BODY = YES;
				CLANG_WARN_ENUM_CONVERSION = YES;
				CLANG_WARN_INFINITE_RECURSION = YES;
				CLANG_WARN_INT_CONVERSION = YES;
				CLANG_WARN_NON_LITERAL_NULL_CONVERSION = YES;
				CLANG_WARN_OBJC_IMPLICIT_RETAIN_SELF = YES;
				CLANG_WARN_OBJC_LITERAL_CONVERSION = YES;
				CLANG_WARN_OBJC_ROOT_CLASS = YES_ERROR;
				CLANG_WARN_RANGE_LOOP_ANALYSIS = YES;
				CLANG_WARN_STRICT_PROTOTYPES = YES;
				CLANG_WARN_SUSPICIOUS_MOVE = YES;
				CLANG_WARN_UNGUARDED_AVAILABILITY = YES_AGGRESSIVE;
				CLANG_WARN_UNREACHABLE_CODE = YES;
				CLANG_WARN__DUPLICATE_METHOD_MATCH = YES;
				CODE_SIGN_IDENTITY = "iPhone Developer";
				COPY_PHASE_STRIP = NO;
				DEBUG_INFORMATION_FORMAT = dwarf;
				ENABLE_STRICT_OBJC_MSGSEND = YES;
				ENABLE_TESTABILITY = YES;
				GCC_C_LANGUAGE_STANDARD = gnu11;
				GCC_DYNAMIC_NO_PIC = NO;
				GCC_NO_COMMON_BLOCKS = YES;
				GCC_OPTIMIZATION_LEVEL = 0;
				GCC_PREPROCESSOR_DEFINITIONS = (
					"DEBUG=1",
					"$(inherited)",
				);
				GCC_WARN_64_TO_32_BIT_CONVERSION = YES;
				GCC_WARN_ABOUT_RETURN_TYPE = YES_ERROR;
				GCC_WARN_UNDECLARED_SELECTOR = YES;
				GCC_WARN_UNINITIALIZED_AUTOS = YES_AGGRESSIVE;
				GCC_WARN_UNUSED_FUNCTION = YES;
				GCC_WARN_UNUSED_VARIABLE = YES;
				IPHONEOS_DEPLOYMENT_TARGET = 12.1;
				MTL_ENABLE_DEBUG_INFO = INCLUDE_SOURCE;
				MTL_FAST_MATH = YES;
				ONLY_ACTIVE_ARCH = YES;
				SDKROOT = iphoneos;
				SWIFT_ACTIVE_COMPILATION_CONDITIONS = DEBUG;
				SWIFT_OPTIMIZATION_LEVEL = "-Onone";
			};
			name = Debug;
		};
		C9592C3521AC7E3B0077747F /* Release */ = {
			isa = XCBuildConfiguration;
			buildSettings = {
				ALWAYS_SEARCH_USER_PATHS = NO;
				CLANG_ANALYZER_NONNULL = YES;
				CLANG_ANALYZER_NUMBER_OBJECT_CONVERSION = YES_AGGRESSIVE;
				CLANG_CXX_LANGUAGE_STANDARD = "gnu++14";
				CLANG_CXX_LIBRARY = "libc++";
				CLANG_ENABLE_MODULES = YES;
				CLANG_ENABLE_OBJC_ARC = YES;
				CLANG_ENABLE_OBJC_WEAK = YES;
				CLANG_WARN_BLOCK_CAPTURE_AUTORELEASING = YES;
				CLANG_WARN_BOOL_CONVERSION = YES;
				CLANG_WARN_COMMA = YES;
				CLANG_WARN_CONSTANT_CONVERSION = YES;
				CLANG_WARN_DEPRECATED_OBJC_IMPLEMENTATIONS = YES;
				CLANG_WARN_DIRECT_OBJC_ISA_USAGE = YES_ERROR;
				CLANG_WARN_DOCUMENTATION_COMMENTS = YES;
				CLANG_WARN_EMPTY_BODY = YES;
				CLANG_WARN_ENUM_CONVERSION = YES;
				CLANG_WARN_INFINITE_RECURSION = YES;
				CLANG_WARN_INT_CONVERSION = YES;
				CLANG_WARN_NON_LITERAL_NULL_CONVERSION = YES;
				CLANG_WARN_OBJC_IMPLICIT_RETAIN_SELF = YES;
				CLANG_WARN_OBJC_LITERAL_CONVERSION = YES;
				CLANG_WARN_OBJC_ROOT_CLASS = YES_ERROR;
				CLANG_WARN_RANGE_LOOP_ANALYSIS = YES;
				CLANG_WARN_STRICT_PROTOTYPES = YES;
				CLANG_WARN_SUSPICIOUS_MOVE = YES;
				CLANG_WARN_UNGUARDED_AVAILABILITY = YES_AGGRESSIVE;
				CLANG_WARN_UNREACHABLE_CODE = YES;
				CLANG_WARN__DUPLICATE_METHOD_MATCH = YES;
				CODE_SIGN_IDENTITY = "iPhone Developer";
				COPY_PHASE_STRIP = NO;
				DEBUG_INFORMATION_FORMAT = "dwarf-with-dsym";
				ENABLE_NS_ASSERTIONS = NO;
				ENABLE_STRICT_OBJC_MSGSEND = YES;
				GCC_C_LANGUAGE_STANDARD = gnu11;
				GCC_NO_COMMON_BLOCKS = YES;
				GCC_WARN_64_TO_32_BIT_CONVERSION = YES;
				GCC_WARN_ABOUT_RETURN_TYPE = YES_ERROR;
				GCC_WARN_UNDECLARED_SELECTOR = YES;
				GCC_WARN_UNINITIALIZED_AUTOS = YES_AGGRESSIVE;
				GCC_WARN_UNUSED_FUNCTION = YES;
				GCC_WARN_UNUSED_VARIABLE = YES;
				IPHONEOS_DEPLOYMENT_TARGET = 12.1;
				MTL_ENABLE_DEBUG_INFO = NO;
				MTL_FAST_MATH = YES;
				SDKROOT = iphoneos;
				SWIFT_COMPILATION_MODE = wholemodule;
				SWIFT_OPTIMIZATION_LEVEL = "-O";
				VALIDATE_PRODUCT = YES;
			};
			name = Release;
		};
		C9592C3721AC7E3B0077747F /* Debug */ = {
			isa = XCBuildConfiguration;
			baseConfigurationReference = D61F78B3CCD5AE4F51F7BEFB /* Pods-Weeker.debug.xcconfig */;
			buildSettings = {
				ALWAYS_EMBED_SWIFT_STANDARD_LIBRARIES = YES;
				ASSETCATALOG_COMPILER_APPICON_NAME = AppIcon;
				CODE_SIGN_ENTITLEMENTS = Weeker/Weeker.entitlements;
				CODE_SIGN_STYLE = Automatic;
				DEVELOPMENT_TEAM = 877B3XVSF5;
				INFOPLIST_FILE = Weeker/Info.plist;
				LD_RUNPATH_SEARCH_PATHS = (
					"$(inherited)",
					"@executable_path/Frameworks",
				);
				PRODUCT_BUNDLE_IDENTIFIER = calebElson.Weeker;
				PRODUCT_NAME = "$(TARGET_NAME)";
				SWIFT_VERSION = 5.0;
				TARGETED_DEVICE_FAMILY = "1,2";
			};
			name = Debug;
		};
		C9592C3821AC7E3B0077747F /* Release */ = {
			isa = XCBuildConfiguration;
			baseConfigurationReference = 425E31406F98DC7A9B9AFF40 /* Pods-Weeker.release.xcconfig */;
			buildSettings = {
				ALWAYS_EMBED_SWIFT_STANDARD_LIBRARIES = YES;
				ASSETCATALOG_COMPILER_APPICON_NAME = AppIcon;
				CODE_SIGN_ENTITLEMENTS = Weeker/Weeker.entitlements;
				CODE_SIGN_STYLE = Automatic;
				DEVELOPMENT_TEAM = 877B3XVSF5;
				INFOPLIST_FILE = Weeker/Info.plist;
				LD_RUNPATH_SEARCH_PATHS = (
					"$(inherited)",
					"@executable_path/Frameworks",
				);
				PRODUCT_BUNDLE_IDENTIFIER = calebElson.Weeker;
				PRODUCT_NAME = "$(TARGET_NAME)";
				SWIFT_VERSION = 5.0;
				TARGETED_DEVICE_FAMILY = "1,2";
			};
			name = Release;
		};
/* End XCBuildConfiguration section */

/* Begin XCConfigurationList section */
		C915545421E2D1540075B725 /* Build configuration list for PBXNativeTarget "Weeker Widget" */ = {
			isa = XCConfigurationList;
			buildConfigurations = (
				C915545521E2D1540075B725 /* Debug */,
				C915545621E2D1540075B725 /* Release */,
			);
			defaultConfigurationIsVisible = 0;
			defaultConfigurationName = Release;
		};
		C9592C1F21AC7E390077747F /* Build configuration list for PBXProject "Weeker" */ = {
			isa = XCConfigurationList;
			buildConfigurations = (
				C9592C3421AC7E3B0077747F /* Debug */,
				C9592C3521AC7E3B0077747F /* Release */,
			);
			defaultConfigurationIsVisible = 0;
			defaultConfigurationName = Release;
		};
		C9592C3621AC7E3B0077747F /* Build configuration list for PBXNativeTarget "Weeker" */ = {
			isa = XCConfigurationList;
			buildConfigurations = (
				C9592C3721AC7E3B0077747F /* Debug */,
				C9592C3821AC7E3B0077747F /* Release */,
			);
			defaultConfigurationIsVisible = 0;
			defaultConfigurationName = Release;
		};
/* End XCConfigurationList section */
	};
	rootObject = C9592C1C21AC7E390077747F /* Project object */;
}
